
Microsoft Visual Studio Solution File, Format Version 12.00
# Visual Studio 14
VisualStudioVersion = 14.0.25420.1
MinimumVisualStudioVersion = 10.0.40219.1
Project("{FAE04EC0-301F-11D3-BF4B-00C04F79EFBC}") = "AnalysisServices.Deployment.SQL2014", "AnalysisServices.Deployment\AnalysisServices.Deployment.SQL2014.csproj", "{78A1D635-3CD2-41F2-813E-6E0AB65C9366}"
EndProject
Global
	GlobalSection(SolutionConfigurationPlatforms) = preSolution
		Debug|Any CPU = Debug|Any CPU
		Release|Any CPU = Release|Any CPU
	EndGlobalSection
	GlobalSection(ProjectConfigurationPlatforms) = postSolution
		{78A1D635-3CD2-41F2-813E-6E0AB65C9366}.Debug|Any CPU.ActiveCfg = Debug|Any CPU
		{78A1D635-3CD2-41F2-813E-6E0AB65C9366}.Debug|Any CPU.Build.0 = Debug|Any CPU
		{78A1D635-3CD2-41F2-813E-6E0AB65C9366}.Release|Any CPU.ActiveCfg = Release|Any CPU
		{78A1D635-3CD2-41F2-813E-6E0AB65C9366}.Release|Any CPU.Build.0 = Release|Any CPU
	EndGlobalSection
	GlobalSection(SolutionProperties) = preSolution
		HideSolutionNode = FALSE
	EndGlobalSection
EndGlobal
